// !$*UTF8*$!
{
	archiveVersion = 1;
	classes = {
	};
	objectVersion = 50;
	objects = {

/* Begin PBXBuildFile section */
		8D3B17E323E97E0E004EB60E /* ProductListViewController.swift in Sources */ = {isa = PBXBuildFile; fileRef = 8D3B17E223E97E0E004EB60E /* ProductListViewController.swift */; };
		8D3B17E523E97E52004EB60E /* AddProductViewController.swift in Sources */ = {isa = PBXBuildFile; fileRef = 8D3B17E423E97E52004EB60E /* AddProductViewController.swift */; };
		8D7EC26523E9C4C50081EC03 /* UserPreferenceHelper.swift in Sources */ = {isa = PBXBuildFile; fileRef = 8D7EC26423E9C4C50081EC03 /* UserPreferenceHelper.swift */; };
		8DA591D223E7F4B9008A0AC7 /* AppDelegate.swift in Sources */ = {isa = PBXBuildFile; fileRef = 8DA591D123E7F4B9008A0AC7 /* AppDelegate.swift */; };
		8DA591D423E7F4B9008A0AC7 /* SceneDelegate.swift in Sources */ = {isa = PBXBuildFile; fileRef = 8DA591D323E7F4B9008A0AC7 /* SceneDelegate.swift */; };
		8DA591D923E7F4B9008A0AC7 /* Main.storyboard in Resources */ = {isa = PBXBuildFile; fileRef = 8DA591D723E7F4B9008A0AC7 /* Main.storyboard */; };
		8DA591DB23E7F4BA008A0AC7 /* Assets.xcassets in Resources */ = {isa = PBXBuildFile; fileRef = 8DA591DA23E7F4BA008A0AC7 /* Assets.xcassets */; };
		8DA591DE23E7F4BA008A0AC7 /* LaunchScreen.storyboard in Resources */ = {isa = PBXBuildFile; fileRef = 8DA591DC23E7F4BA008A0AC7 /* LaunchScreen.storyboard */; };
		8DA591E923E7F4BA008A0AC7 /* nsuserdefaultTests.swift in Sources */ = {isa = PBXBuildFile; fileRef = 8DA591E823E7F4BA008A0AC7 /* nsuserdefaultTests.swift */; };
		8DA591F423E7F4BA008A0AC7 /* nsuserdefaultUITests.swift in Sources */ = {isa = PBXBuildFile; fileRef = 8DA591F323E7F4BA008A0AC7 /* nsuserdefaultUITests.swift */; };
		8DA5920623E7F762008A0AC7 /* Product.swift in Sources */ = {isa = PBXBuildFile; fileRef = 8DA5920523E7F762008A0AC7 /* Product.swift */; };
/* End PBXBuildFile section */

/* Begin PBXContainerItemProxy section */
		8DA591E523E7F4BA008A0AC7 /* PBXContainerItemProxy */ = {
			isa = PBXContainerItemProxy;
			containerPortal = 8DA591C623E7F4B9008A0AC7 /* Project object */;
			proxyType = 1;
			remoteGlobalIDString = 8DA591CD23E7F4B9008A0AC7;
			remoteInfo = nsuserdefault;
		};
		8DA591F023E7F4BA008A0AC7 /* PBXContainerItemProxy */ = {
			isa = PBXContainerItemProxy;
			containerPortal = 8DA591C623E7F4B9008A0AC7 /* Project object */;
			proxyType = 1;
			remoteGlobalIDString = 8DA591CD23E7F4B9008A0AC7;
			remoteInfo = nsuserdefault;
		};
/* End PBXContainerItemProxy section */

/* Begin PBXFileReference section */
		8D3B17E223E97E0E004EB60E /* ProductListViewController.swift */ = {isa = PBXFileReference; lastKnownFileType = sourcecode.swift; path = ProductListViewController.swift; sourceTree = "<group>"; };
		8D3B17E423E97E52004EB60E /* AddProductViewController.swift */ = {isa = PBXFileReference; lastKnownFileType = sourcecode.swift; path = AddProductViewController.swift; sourceTree = "<group>"; };
		8D7EC26423E9C4C50081EC03 /* UserPreferenceHelper.swift */ = {isa = PBXFileReference; lastKnownFileType = sourcecode.swift; path = UserPreferenceHelper.swift; sourceTree = "<group>"; };
		8DA591CE23E7F4B9008A0AC7 /* nsuserdefault.app */ = {isa = PBXFileReference; explicitFileType = wrapper.application; includeInIndex = 0; path = nsuserdefault.app; sourceTree = BUILT_PRODUCTS_DIR; };
		8DA591D123E7F4B9008A0AC7 /* AppDelegate.swift */ = {isa = PBXFileReference; lastKnownFileType = sourcecode.swift; path = AppDelegate.swift; sourceTree = "<group>"; };
		8DA591D323E7F4B9008A0AC7 /* SceneDelegate.swift */ = {isa = PBXFileReference; lastKnownFileType = sourcecode.swift; path = SceneDelegate.swift; sourceTree = "<group>"; };
		8DA591D823E7F4B9008A0AC7 /* Base */ = {isa = PBXFileReference; lastKnownFileType = file.storyboard; name = Base; path = Base.lproj/Main.storyboard; sourceTree = "<group>"; };
		8DA591DA23E7F4BA008A0AC7 /* Assets.xcassets */ = {isa = PBXFileReference; lastKnownFileType = folder.assetcatalog; path = Assets.xcassets; sourceTree = "<group>"; };
		8DA591DD23E7F4BA008A0AC7 /* Base */ = {isa = PBXFileReference; lastKnownFileType = file.storyboard; name = Base; path = Base.lproj/LaunchScreen.storyboard; sourceTree = "<group>"; };
		8DA591DF23E7F4BA008A0AC7 /* Info.plist */ = {isa = PBXFileReference; lastKnownFileType = text.plist.xml; path = Info.plist; sourceTree = "<group>"; };
		8DA591E423E7F4BA008A0AC7 /* nsuserdefaultTests.xctest */ = {isa = PBXFileReference; explicitFileType = wrapper.cfbundle; includeInIndex = 0; path = nsuserdefaultTests.xctest; sourceTree = BUILT_PRODUCTS_DIR; };
		8DA591E823E7F4BA008A0AC7 /* nsuserdefaultTests.swift */ = {isa = PBXFileReference; lastKnownFileType = sourcecode.swift; path = nsuserdefaultTests.swift; sourceTree = "<group>"; };
		8DA591EA23E7F4BA008A0AC7 /* Info.plist */ = {isa = PBXFileReference; lastKnownFileType = text.plist.xml; path = Info.plist; sourceTree = "<group>"; };
		8DA591EF23E7F4BA008A0AC7 /* nsuserdefaultUITests.xctest */ = {isa = PBXFileReference; explicitFileType = wrapper.cfbundle; includeInIndex = 0; path = nsuserdefaultUITests.xctest; sourceTree = BUILT_PRODUCTS_DIR; };
		8DA591F323E7F4BA008A0AC7 /* nsuserdefaultUITests.swift */ = {isa = PBXFileReference; lastKnownFileType = sourcecode.swift; path = nsuserdefaultUITests.swift; sourceTree = "<group>"; };
		8DA591F523E7F4BA008A0AC7 /* Info.plist */ = {isa = PBXFileReference; lastKnownFileType = text.plist.xml; path = Info.plist; sourceTree = "<group>"; };
		8DA5920523E7F762008A0AC7 /* Product.swift */ = {isa = PBXFileReference; lastKnownFileType = sourcecode.swift; path = Product.swift; sourceTree = "<group>"; };
/* End PBXFileReference section */

/* Begin PBXFrameworksBuildPhase section */
		8DA591CB23E7F4B9008A0AC7 /* Frameworks */ = {
			isa = PBXFrameworksBuildPhase;
			buildActionMask = 2147483647;
			files = (
			);
			runOnlyForDeploymentPostprocessing = 0;
		};
		8DA591E123E7F4BA008A0AC7 /* Frameworks */ = {
			isa = PBXFrameworksBuildPhase;
			buildActionMask = 2147483647;
			files = (
			);
			runOnlyForDeploymentPostprocessing = 0;
		};
		8DA591EC23E7F4BA008A0AC7 /* Frameworks */ = {
			isa = PBXFrameworksBuildPhase;
			buildActionMask = 2147483647;
			files = (
			);
			runOnlyForDeploymentPostprocessing = 0;
		};
/* End PBXFrameworksBuildPhase section */

/* Begin PBXGroup section */
		8D3B17E123E97DF2004EB60E /* Controller */ = {
			isa = PBXGroup;
			children = (
				8D3B17E223E97E0E004EB60E /* ProductListViewController.swift */,
				8D3B17E423E97E52004EB60E /* AddProductViewController.swift */,
			);
			path = Controller;
			sourceTree = "<group>";
		};
		8D7EC26323E9C49E0081EC03 /* External */ = {
			isa = PBXGroup;
			children = (
				8D7EC26423E9C4C50081EC03 /* UserPreferenceHelper.swift */,
			);
			path = External;
			sourceTree = "<group>";
		};
		8DA591C523E7F4B9008A0AC7 = {
			isa = PBXGroup;
			children = (
				8DA591D023E7F4B9008A0AC7 /* nsuserdefault */,
				8DA591E723E7F4BA008A0AC7 /* nsuserdefaultTests */,
				8DA591F223E7F4BA008A0AC7 /* nsuserdefaultUITests */,
				8DA591CF23E7F4B9008A0AC7 /* Products */,
			);
			sourceTree = "<group>";
		};
		8DA591CF23E7F4B9008A0AC7 /* Products */ = {
			isa = PBXGroup;
			children = (
				8DA591CE23E7F4B9008A0AC7 /* nsuserdefault.app */,
				8DA591E423E7F4BA008A0AC7 /* nsuserdefaultTests.xctest */,
				8DA591EF23E7F4BA008A0AC7 /* nsuserdefaultUITests.xctest */,
			);
			name = Products;
			sourceTree = "<group>";
		};
		8DA591D023E7F4B9008A0AC7 /* nsuserdefault */ = {
			isa = PBXGroup;
			children = (
				8D7EC26323E9C49E0081EC03 /* External */,
				8D3B17E123E97DF2004EB60E /* Controller */,
				8DA5920423E7F758008A0AC7 /* Model */,
				8DA591D123E7F4B9008A0AC7 /* AppDelegate.swift */,
				8DA591D323E7F4B9008A0AC7 /* SceneDelegate.swift */,
				8DA591D723E7F4B9008A0AC7 /* Main.storyboard */,
				8DA591DA23E7F4BA008A0AC7 /* Assets.xcassets */,
				8DA591DC23E7F4BA008A0AC7 /* LaunchScreen.storyboard */,
				8DA591DF23E7F4BA008A0AC7 /* Info.plist */,
			);
			path = nsuserdefault;
			sourceTree = "<group>";
		};
		8DA591E723E7F4BA008A0AC7 /* nsuserdefaultTests */ = {
			isa = PBXGroup;
			children = (
				8DA591E823E7F4BA008A0AC7 /* nsuserdefaultTests.swift */,
				8DA591EA23E7F4BA008A0AC7 /* Info.plist */,
			);
			path = nsuserdefaultTests;
			sourceTree = "<group>";
		};
		8DA591F223E7F4BA008A0AC7 /* nsuserdefaultUITests */ = {
			isa = PBXGroup;
			children = (
				8DA591F323E7F4BA008A0AC7 /* nsuserdefaultUITests.swift */,
				8DA591F523E7F4BA008A0AC7 /* Info.plist */,
			);
			path = nsuserdefaultUITests;
			sourceTree = "<group>";
		};
		8DA5920423E7F758008A0AC7 /* Model */ = {
			isa = PBXGroup;
			children = (
				8DA5920523E7F762008A0AC7 /* Product.swift */,
			);
			path = Model;
			sourceTree = "<group>";
		};
/* End PBXGroup section */

/* Begin PBXNativeTarget section */
		8DA591CD23E7F4B9008A0AC7 /* nsuserdefault */ = {
			isa = PBXNativeTarget;
			buildConfigurationList = 8DA591F823E7F4BA008A0AC7 /* Build configuration list for PBXNativeTarget "nsuserdefault" */;
			buildPhases = (
				8DA591CA23E7F4B9008A0AC7 /* Sources */,
				8DA591CB23E7F4B9008A0AC7 /* Frameworks */,
				8DA591CC23E7F4B9008A0AC7 /* Resources */,
			);
			buildRules = (
			);
			dependencies = (
			);
			name = nsuserdefault;
			productName = nsuserdefault;
			productReference = 8DA591CE23E7F4B9008A0AC7 /* nsuserdefault.app */;
			productType = "com.apple.product-type.application";
		};
		8DA591E323E7F4BA008A0AC7 /* nsuserdefaultTests */ = {
			isa = PBXNativeTarget;
			buildConfigurationList = 8DA591FB23E7F4BA008A0AC7 /* Build configuration list for PBXNativeTarget "nsuserdefaultTests" */;
			buildPhases = (
				8DA591E023E7F4BA008A0AC7 /* Sources */,
				8DA591E123E7F4BA008A0AC7 /* Frameworks */,
				8DA591E223E7F4BA008A0AC7 /* Resources */,
			);
			buildRules = (
			);
			dependencies = (
				8DA591E623E7F4BA008A0AC7 /* PBXTargetDependency */,
			);
			name = nsuserdefaultTests;
			productName = nsuserdefaultTests;
			productReference = 8DA591E423E7F4BA008A0AC7 /* nsuserdefaultTests.xctest */;
			productType = "com.apple.product-type.bundle.unit-test";
		};
		8DA591EE23E7F4BA008A0AC7 /* nsuserdefaultUITests */ = {
			isa = PBXNativeTarget;
			buildConfigurationList = 8DA591FE23E7F4BA008A0AC7 /* Build configuration list for PBXNativeTarget "nsuserdefaultUITests" */;
			buildPhases = (
				8DA591EB23E7F4BA008A0AC7 /* Sources */,
				8DA591EC23E7F4BA008A0AC7 /* Frameworks */,
				8DA591ED23E7F4BA008A0AC7 /* Resources */,
			);
			buildRules = (
			);
			dependencies = (
				8DA591F123E7F4BA008A0AC7 /* PBXTargetDependency */,
			);
			name = nsuserdefaultUITests;
			productName = nsuserdefaultUITests;
			productReference = 8DA591EF23E7F4BA008A0AC7 /* nsuserdefaultUITests.xctest */;
			productType = "com.apple.product-type.bundle.ui-testing";
		};
/* End PBXNativeTarget section */

/* Begin PBXProject section */
		8DA591C623E7F4B9008A0AC7 /* Project object */ = {
			isa = PBXProject;
			attributes = {
				LastSwiftUpdateCheck = 1130;
				LastUpgradeCheck = 1130;
				ORGANIZATIONNAME = dwirandyh.com;
				TargetAttributes = {
					8DA591CD23E7F4B9008A0AC7 = {
						CreatedOnToolsVersion = 11.3.1;
					};
					8DA591E323E7F4BA008A0AC7 = {
						CreatedOnToolsVersion = 11.3.1;
						TestTargetID = 8DA591CD23E7F4B9008A0AC7;
					};
					8DA591EE23E7F4BA008A0AC7 = {
						CreatedOnToolsVersion = 11.3.1;
						TestTargetID = 8DA591CD23E7F4B9008A0AC7;
					};
				};
			};
			buildConfigurationList = 8DA591C923E7F4B9008A0AC7 /* Build configuration list for PBXProject "nsuserdefault" */;
			compatibilityVersion = "Xcode 9.3";
			developmentRegion = en;
			hasScannedForEncodings = 0;
			knownRegions = (
				en,
				Base,
			);
			mainGroup = 8DA591C523E7F4B9008A0AC7;
			productRefGroup = 8DA591CF23E7F4B9008A0AC7 /* Products */;
			projectDirPath = "";
			projectRoot = "";
			targets = (
				8DA591CD23E7F4B9008A0AC7 /* nsuserdefault */,
				8DA591E323E7F4BA008A0AC7 /* nsuserdefaultTests */,
				8DA591EE23E7F4BA008A0AC7 /* nsuserdefaultUITests */,
			);
		};
/* End PBXProject section */

/* Begin PBXResourcesBuildPhase section */
		8DA591CC23E7F4B9008A0AC7 /* Resources */ = {
			isa = PBXResourcesBuildPhase;
			buildActionMask = 2147483647;
			files = (
				8DA591DE23E7F4BA008A0AC7 /* LaunchScreen.storyboard in Resources */,
				8DA591DB23E7F4BA008A0AC7 /* Assets.xcassets in Resources */,
				8DA591D923E7F4B9008A0AC7 /* Main.storyboard in Resources */,
			);
			runOnlyForDeploymentPostprocessing = 0;
		};
		8DA591E223E7F4BA008A0AC7 /* Resources */ = {
			isa = PBXResourcesBuildPhase;
			buildActionMask = 2147483647;
			files = (
			);
			runOnlyForDeploymentPostprocessing = 0;
		};
		8DA591ED23E7F4BA008A0AC7 /* Resources */ = {
			isa = PBXResourcesBuildPhase;
			buildActionMask = 2147483647;
			files = (
			);
			runOnlyForDeploymentPostprocessing = 0;
		};
/* End PBXResourcesBuildPhase section */

/* Begin PBXSourcesBuildPhase section */
		8DA591CA23E7F4B9008A0AC7 /* Sources */ = {
			isa = PBXSourcesBuildPhase;
			buildActionMask = 2147483647;
			files = (
				8DA5920623E7F762008A0AC7 /* Product.swift in Sources */,
				8D3B17E323E97E0E004EB60E /* ProductListViewController.swift in Sources */,
				8D3B17E523E97E52004EB60E /* AddProductViewController.swift in Sources */,
				8D7EC26523E9C4C50081EC03 /* UserPreferenceHelper.swift in Sources */,
				8DA591D223E7F4B9008A0AC7 /* AppDelegate.swift in Sources */,
				8DA591D423E7F4B9008A0AC7 /* SceneDelegate.swift in Sources */,
			);
			runOnlyForDeploymentPostprocessing = 0;
		};
		8DA591E023E7F4BA008A0AC7 /* Sources */ = {
			isa = PBXSourcesBuildPhase;
			buildActionMask = 2147483647;
			files = (
				8DA591E923E7F4BA008A0AC7 /* nsuserdefaultTests.swift in Sources */,
			);
			runOnlyForDeploymentPostprocessing = 0;
		};
		8DA591EB23E7F4BA008A0AC7 /* Sources */ = {
			isa = PBXSourcesBuildPhase;
			buildActionMask = 2147483647;
			files = (
				8DA591F423E7F4BA008A0AC7 /* nsuserdefaultUITests.swift in Sources */,
			);
			runOnlyForDeploymentPostprocessing = 0;
		};
/* End PBXSourcesBuildPhase section */

/* Begin PBXTargetDependency section */
		8DA591E623E7F4BA008A0AC7 /* PBXTargetDependency */ = {
			isa = PBXTargetDependency;
			target = 8DA591CD23E7F4B9008A0AC7 /* nsuserdefault */;
			targetProxy = 8DA591E523E7F4BA008A0AC7 /* PBXContainerItemProxy */;
		};
		8DA591F123E7F4BA008A0AC7 /* PBXTargetDependency */ = {
			isa = PBXTargetDependency;
			target = 8DA591CD23E7F4B9008A0AC7 /* nsuserdefault */;
			targetProxy = 8DA591F023E7F4BA008A0AC7 /* PBXContainerItemProxy */;
		};
/* End PBXTargetDependency section */

/* Begin PBXVariantGroup section */
		8DA591D723E7F4B9008A0AC7 /* Main.storyboard */ = {
			isa = PBXVariantGroup;
			children = (
				8DA591D823E7F4B9008A0AC7 /* Base */,
			);
			name = Main.storyboard;
			sourceTree = "<group>";
		};
		8DA591DC23E7F4BA008A0AC7 /* LaunchScreen.storyboard */ = {
			isa = PBXVariantGroup;
			children = (
				8DA591DD23E7F4BA008A0AC7 /* Base */,
			);
			name = LaunchScreen.storyboard;
			sourceTree = "<group>";
		};
/* End PBXVariantGroup section */

/* Begin XCBuildConfiguration section */
		8DA591F623E7F4BA008A0AC7 /* Debug */ = {
			isa = XCBuildConfiguration;
			buildSettings = {
				ALWAYS_SEARCH_USER_PATHS = NO;
				CLANG_ANALYZER_NONNULL = YES;
				CLANG_ANALYZER_NUMBER_OBJECT_CONVERSION = YES_AGGRESSIVE;
				CLANG_CXX_LANGUAGE_STANDARD = "gnu++14";
				CLANG_CXX_LIBRARY = "libc++";
				CLANG_ENABLE_MODULES = YES;
				CLANG_ENABLE_OBJC_ARC = YES;
				CLANG_ENABLE_OBJC_WEAK = YES;
				CLANG_WARN_BLOCK_CAPTURE_AUTORELEASING = YES;
				CLANG_WARN_BOOL_CONVERSION = YES;
				CLANG_WARN_COMMA = YES;
				CLANG_WARN_CONSTANT_CONVERSION = YES;
				CLANG_WARN_DEPRECATED_OBJC_IMPLEMENTATIONS = YES;
				CLANG_WARN_DIRECT_OBJC_ISA_USAGE = YES_ERROR;
				CLANG_WARN_DOCUMENTATION_COMMENTS = YES;
				CLANG_WARN_EMPTY_BODY = YES;
				CLANG_WARN_ENUM_CONVERSION = YES;
				CLANG_WARN_INFINITE_RECURSION = YES;
				CLANG_WARN_INT_CONVERSION = YES;
				CLANG_WARN_NON_LITERAL_NULL_CONVERSION = YES;
				CLANG_WARN_OBJC_IMPLICIT_RETAIN_SELF = YES;
				CLANG_WARN_OBJC_LITERAL_CONVERSION = YES;
				CLANG_WARN_OBJC_ROOT_CLASS = YES_ERROR;
				CLANG_WARN_RANGE_LOOP_ANALYSIS = YES;
				CLANG_WARN_STRICT_PROTOTYPES = YES;
				CLANG_WARN_SUSPICIOUS_MOVE = YES;
				CLANG_WARN_UNGUARDED_AVAILABILITY = YES_AGGRESSIVE;
				CLANG_WARN_UNREACHABLE_CODE = YES;
				CLANG_WARN__DUPLICATE_METHOD_MATCH = YES;
				COPY_PHASE_STRIP = NO;
				DEBUG_INFORMATION_FORMAT = dwarf;
				ENABLE_STRICT_OBJC_MSGSEND = YES;
				ENABLE_TESTABILITY = YES;
				GCC_C_LANGUAGE_STANDARD = gnu11;
				GCC_DYNAMIC_NO_PIC = NO;
				GCC_NO_COMMON_BLOCKS = YES;
				GCC_OPTIMIZATION_LEVEL = 0;
				GCC_PREPROCESSOR_DEFINITIONS = (
					"DEBUG=1",
					"$(inherited)",
				);
				GCC_WARN_64_TO_32_BIT_CONVERSION = YES;
				GCC_WARN_ABOUT_RETURN_TYPE = YES_ERROR;
				GCC_WARN_UNDECLARED_SELECTOR = YES;
				GCC_WARN_UNINITIALIZED_AUTOS = YES_AGGRESSIVE;
				GCC_WARN_UNUSED_FUNCTION = YES;
				GCC_WARN_UNUSED_VARIABLE = YES;
				IPHONEOS_DEPLOYMENT_TARGET = 13.2;
				MTL_ENABLE_DEBUG_INFO = INCLUDE_SOURCE;
				MTL_FAST_MATH = YES;
				ONLY_ACTIVE_ARCH = YES;
				SDKROOT = iphoneos;
				SWIFT_ACTIVE_COMPILATION_CONDITIONS = DEBUG;
				SWIFT_OPTIMIZATION_LEVEL = "-Onone";
			};
			name = Debug;
		};
		8DA591F723E7F4BA008A0AC7 /* Release */ = {
			isa = XCBuildConfiguration;
			buildSettings = {
				ALWAYS_SEARCH_USER_PATHS = NO;
				CLANG_ANALYZER_NONNULL = YES;
				CLANG_ANALYZER_NUMBER_OBJECT_CONVERSION = YES_AGGRESSIVE;
				CLANG_CXX_LANGUAGE_STANDARD = "gnu++14";
				CLANG_CXX_LIBRARY = "libc++";
				CLANG_ENABLE_MODULES = YES;
				CLANG_ENABLE_OBJC_ARC = YES;
				CLANG_ENABLE_OBJC_WEAK = YES;
				CLANG_WARN_BLOCK_CAPTURE_AUTORELEASING = YES;
				CLANG_WARN_BOOL_CONVERSION = YES;
				CLANG_WARN_COMMA = YES;
				CLANG_WARN_CONSTANT_CONVERSION = YES;
				CLANG_WARN_DEPRECATED_OBJC_IMPLEMENTATIONS = YES;
				CLANG_WARN_DIRECT_OBJC_ISA_USAGE = YES_ERROR;
				CLANG_WARN_DOCUMENTATION_COMMENTS = YES;
				CLANG_WARN_EMPTY_BODY = YES;
				CLANG_WARN_ENUM_CONVERSION = YES;
				CLANG_WARN_INFINITE_RECURSION = YES;
				CLANG_WARN_INT_CONVERSION = YES;
				CLANG_WARN_NON_LITERAL_NULL_CONVERSION = YES;
				CLANG_WARN_OBJC_IMPLICIT_RETAIN_SELF = YES;
				CLANG_WARN_OBJC_LITERAL_CONVERSION = YES;
				CLANG_WARN_OBJC_ROOT_CLASS = YES_ERROR;
				CLANG_WARN_RANGE_LOOP_ANALYSIS = YES;
				CLANG_WARN_STRICT_PROTOTYPES = YES;
				CLANG_WARN_SUSPICIOUS_MOVE = YES;
				CLANG_WARN_UNGUARDED_AVAILABILITY = YES_AGGRESSIVE;
				CLANG_WARN_UNREACHABLE_CODE = YES;
				CLANG_WARN__DUPLICATE_METHOD_MATCH = YES;
				COPY_PHASE_STRIP = NO;
				DEBUG_INFORMATION_FORMAT = "dwarf-with-dsym";
				ENABLE_NS_ASSERTIONS = NO;
				ENABLE_STRICT_OBJC_MSGSEND = YES;
				GCC_C_LANGUAGE_STANDARD = gnu11;
				GCC_NO_COMMON_BLOCKS = YES;
				GCC_WARN_64_TO_32_BIT_CONVERSION = YES;
				GCC_WARN_ABOUT_RETURN_TYPE = YES_ERROR;
				GCC_WARN_UNDECLARED_SELECTOR = YES;
				GCC_WARN_UNINITIALIZED_AUTOS = YES_AGGRESSIVE;
				GCC_WARN_UNUSED_FUNCTION = YES;
				GCC_WARN_UNUSED_VARIABLE = YES;
				IPHONEOS_DEPLOYMENT_TARGET = 13.2;
				MTL_ENABLE_DEBUG_INFO = NO;
				MTL_FAST_MATH = YES;
				SDKROOT = iphoneos;
				SWIFT_COMPILATION_MODE = wholemodule;
				SWIFT_OPTIMIZATION_LEVEL = "-O";
				VALIDATE_PRODUCT = YES;
			};
			name = Release;
		};
		8DA591F923E7F4BA008A0AC7 /* Debug */ = {
			isa = XCBuildConfiguration;
			buildSettings = {
				ASSETCATALOG_COMPILER_APPICON_NAME = AppIcon;
				CODE_SIGN_STYLE = Automatic;
				DEVELOPMENT_TEAM = 5B2L4KSFG2;
				INFOPLIST_FILE = nsuserdefault/Info.plist;
				LD_RUNPATH_SEARCH_PATHS = (
					"$(inherited)",
					"@executable_path/Frameworks",
				);
				PRODUCT_BUNDLE_IDENTIFIER = com.dwirandyh.nsuserdefault;
				PRODUCT_NAME = "$(TARGET_NAME)";
				SWIFT_VERSION = 5.0;
				TARGETED_DEVICE_FAMILY = "1,2";
			};
			name = Debug;
		};
		8DA591FA23E7F4BA008A0AC7 /* Release */ = {
			isa = XCBuildConfiguration;
			buildSettings = {
				ASSETCATALOG_COMPILER_APPICON_NAME = AppIcon;
				CODE_SIGN_STYLE = Automatic;
				DEVELOPMENT_TEAM = 5B2L4KSFG2;
				INFOPLIST_FILE = nsuserdefault/Info.plist;
				LD_RUNPATH_SEARCH_PATHS = (
					"$(inherited)",
					"@executable_path/Frameworks",
				);
				PRODUCT_BUNDLE_IDENTIFIER = com.dwirandyh.nsuserdefault;
				PRODUCT_NAME = "$(TARGET_NAME)";
				SWIFT_VERSION = 5.0;
				TARGETED_DEVICE_FAMILY = "1,2";
			};
			name = Release;
		};
		8DA591FC23E7F4BA008A0AC7 /* Debug */ = {
			isa = XCBuildConfiguration;
			buildSettings = {
				ALWAYS_EMBED_SWIFT_STANDARD_LIBRARIES = YES;
				BUNDLE_LOADER = "$(TEST_HOST)";
				CODE_SIGN_STYLE = Automatic;
				DEVELOPMENT_TEAM = 5B2L4KSFG2;
				INFOPLIST_FILE = nsuserdefaultTests/Info.plist;
				IPHONEOS_DEPLOYMENT_TARGET = 13.2;
				LD_RUNPATH_SEARCH_PATHS = (
					"$(inherited)",
					"@executable_path/Frameworks",
					"@loader_path/Frameworks",
				);
				PRODUCT_BUNDLE_IDENTIFIER = com.dwirandyh.nsuserdefaultTests;
				PRODUCT_NAME = "$(TARGET_NAME)";
				SWIFT_VERSION = 5.0;
				TARGETED_DEVICE_FAMILY = "1,2";
				TEST_HOST = "$(BUILT_PRODUCTS_DIR)/nsuserdefault.app/nsuserdefault";
			};
			name = Debug;
		};
		8DA591FD23E7F4BA008A0AC7 /* Release */ = {
			isa = XCBuildConfiguration;
			buildSettings = {
				ALWAYS_EMBED_SWIFT_STANDARD_LIBRARIES = YES;
				BUNDLE_LOADER = "$(TEST_HOST)";
				CODE_SIGN_STYLE = Automatic;
				DEVELOPMENT_TEAM = 5B2L4KSFG2;
				INFOPLIST_FILE = nsuserdefaultTests/Info.plist;
				IPHONEOS_DEPLOYMENT_TARGET = 13.2;
				LD_RUNPATH_SEARCH_PATHS = (
					"$(inherited)",
					"@executable_path/Frameworks",
					"@loader_path/Frameworks",
				);
				PRODUCT_BUNDLE_IDENTIFIER = com.dwirandyh.nsuserdefaultTests;
				PRODUCT_NAME = "$(TARGET_NAME)";
				SWIFT_VERSION = 5.0;
				TARGETED_DEVICE_FAMILY = "1,2";
				TEST_HOST = "$(BUILT_PRODUCTS_DIR)/nsuserdefault.app/nsuserdefault";
			};
			name = Release;
		};
		8DA591FF23E7F4BA008A0AC7 /* Debug */ = {
			isa = XCBuildConfiguration;
			buildSettings = {
				ALWAYS_EMBED_SWIFT_STANDARD_LIBRARIES = YES;
				CODE_SIGN_STYLE = Automatic;
				DEVELOPMENT_TEAM = 5B2L4KSFG2;
				INFOPLIST_FILE = nsuserdefaultUITests/Info.plist;
				LD_RUNPATH_SEARCH_PATHS = (
					"$(inherited)",
					"@executable_path/Frameworks",
					"@loader_path/Frameworks",
				);
				PRODUCT_BUNDLE_IDENTIFIER = com.dwirandyh.nsuserdefaultUITests;
				PRODUCT_NAME = "$(TARGET_NAME)";
				SWIFT_VERSION = 5.0;
				TARGETED_DEVICE_FAMILY = "1,2";
				TEST_TARGET_NAME = nsuserdefault;
			};
			name = Debug;
		};
		8DA5920023E7F4BA008A0AC7 /* Release */ = {
			isa = XCBuildConfiguration;
			buildSettings = {
				ALWAYS_EMBED_SWIFT_STANDARD_LIBRARIES = YES;
				CODE_SIGN_STYLE = Automatic;
				DEVELOPMENT_TEAM = 5B2L4KSFG2;
				INFOPLIST_FILE = nsuserdefaultUITests/Info.plist;
				LD_RUNPATH_SEARCH_PATHS = (
					"$(inherited)",
					"@executable_path/Frameworks",
					"@loader_path/Frameworks",
				);
				PRODUCT_BUNDLE_IDENTIFIER = com.dwirandyh.nsuserdefaultUITests;
				PRODUCT_NAME = "$(TARGET_NAME)";
				SWIFT_VERSION = 5.0;
				TARGETED_DEVICE_FAMILY = "1,2";
				TEST_TARGET_NAME = nsuserdefault;
			};
			name = Release;
		};
/* End XCBuildConfiguration section */

/* Begin XCConfigurationList section */
		8DA591C923E7F4B9008A0AC7 /* Build configuration list for PBXProject "nsuserdefault" */ = {
			isa = XCConfigurationList;
			buildConfigurations = (
				8DA591F623E7F4BA008A0AC7 /* Debug */,
				8DA591F723E7F4BA008A0AC7 /* Release */,
			);
			defaultConfigurationIsVisible = 0;
			defaultConfigurationName = Release;
		};
		8DA591F823E7F4BA008A0AC7 /* Build configuration list for PBXNativeTarget "nsuserdefault" */ = {
			isa = XCConfigurationList;
			buildConfigurations = (
				8DA591F923E7F4BA008A0AC7 /* Debug */,
				8DA591FA23E7F4BA008A0AC7 /* Release */,
			);
			defaultConfigurationIsVisible = 0;
			defaultConfigurationName = Release;
		};
		8DA591FB23E7F4BA008A0AC7 /* Build configuration list for PBXNativeTarget "nsuserdefaultTests" */ = {
			isa = XCConfigurationList;
			buildConfigurations = (
				8DA591FC23E7F4BA008A0AC7 /* Debug */,
				8DA591FD23E7F4BA008A0AC7 /* Release */,
			);
			defaultConfigurationIsVisible = 0;
			defaultConfigurationName = Release;
		};
		8DA591FE23E7F4BA008A0AC7 /* Build configuration list for PBXNativeTarget "nsuserdefaultUITests" */ = {
			isa = XCConfigurationList;
			buildConfigurations = (
				8DA591FF23E7F4BA008A0AC7 /* Debug */,
				8DA5920023E7F4BA008A0AC7 /* Release */,
			);
			defaultConfigurationIsVisible = 0;
			defaultConfigurationName = Release;
		};
/* End XCConfigurationList section */
	};
	rootObject = 8DA591C623E7F4B9008A0AC7 /* Project object */;
}
